
Microsoft Visual Studio Solution File, Format Version 12.00
# Visual Studio Version 17
VisualStudioVersion = 17.13.35806.99
MinimumVisualStudioVersion = 10.0.40219.1
Project("{FAE04EC0-301F-11D3-BF4B-00C04F79EFBC}") = "InvestPlus.Domain", "InvestPlus.Domain\InvestPlus.Domain.csproj", "{AA8DB494-38B3-4E79-9B9F-F2F6F017C857}"
EndProject
Project("{FAE04EC0-301F-11D3-BF4B-00C04F79EFBC}") = "InvestPlus.Application", "InvestPlus.Application\InvestPlus.Application.csproj", "{BFC77B68-7D5B-476C-90CB-B48090E2F0AE}"
EndProject
Project("{FAE04EC0-301F-11D3-BF4B-00C04F79EFBC}") = "InvestPlus.Infrastructure", "InvestPlus.Infrastructure\InvestPlus.Infrastructure.csproj", "{B7F1BB83-C9B2-4D4F-9471-DAF93B544CA7}"
EndProject
Project("{FAE04EC0-301F-11D3-BF4B-00C04F79EFBC}") = "InvestPlus.API", "InvestPlus.API\InvestPlus.API.csproj", "{023AC041-8357-4529-83ED-9FF2860067F6}"
EndProject
Project("{FAE04EC0-301F-11D3-BF4B-00C04F79EFBC}") = "InvestPlus.BlazorApp", "InvestPlus.BlazorApp\InvestPlus.BlazorApp.csproj", "{8D590011-A841-4C46-B610-E6DD1CBE606B}"
EndProject
Global
	GlobalSection(SolutionConfigurationPlatforms) = preSolution
		Debug|Any CPU = Debug|Any CPU
		Release|Any CPU = Release|Any CPU
	EndGlobalSection
	GlobalSection(ProjectConfigurationPlatforms) = postSolution
		{AA8DB494-38B3-4E79-9B9F-F2F6F017C857}.Debug|Any CPU.ActiveCfg = Debug|Any CPU
		{AA8DB494-38B3-4E79-9B9F-F2F6F017C857}.Debug|Any CPU.Build.0 = Debug|Any CPU
		{AA8DB494-38B3-4E79-9B9F-F2F6F017C857}.Release|Any CPU.ActiveCfg = Release|Any CPU
		{AA8DB494-38B3-4E79-9B9F-F2F6F017C857}.Release|Any CPU.Build.0 = Release|Any CPU
		{BFC77B68-7D5B-476C-90CB-B48090E2F0AE}.Debug|Any CPU.ActiveCfg = Debug|Any CPU
		{BFC77B68-7D5B-476C-90CB-B48090E2F0AE}.Debug|Any CPU.Build.0 = Debug|Any CPU
		{BFC77B68-7D5B-476C-90CB-B48090E2F0AE}.Release|Any CPU.ActiveCfg = Release|Any CPU
		{BFC77B68-7D5B-476C-90CB-B48090E2F0AE}.Release|Any CPU.Build.0 = Release|Any CPU
		{B7F1BB83-C9B2-4D4F-9471-DAF93B544CA7}.Debug|Any CPU.ActiveCfg = Debug|Any CPU
		{B7F1BB83-C9B2-4D4F-9471-DAF93B544CA7}.Debug|Any CPU.Build.0 = Debug|Any CPU
		{B7F1BB83-C9B2-4D4F-9471-DAF93B544CA7}.Release|Any CPU.ActiveCfg = Release|Any CPU
		{B7F1BB83-C9B2-4D4F-9471-DAF93B544CA7}.Release|Any CPU.Build.0 = Release|Any CPU
		{023AC041-8357-4529-83ED-9FF2860067F6}.Debug|Any CPU.ActiveCfg = Debug|Any CPU
		{023AC041-8357-4529-83ED-9FF2860067F6}.Debug|Any CPU.Build.0 = Debug|Any CPU
		{023AC041-8357-4529-83ED-9FF2860067F6}.Release|Any CPU.ActiveCfg = Release|Any CPU
		{023AC041-8357-4529-83ED-9FF2860067F6}.Release|Any CPU.Build.0 = Release|Any CPU
		{8D590011-A841-4C46-B610-E6DD1CBE606B}.Debug|Any CPU.ActiveCfg = Debug|Any CPU
		{8D590011-A841-4C46-B610-E6DD1CBE606B}.Debug|Any CPU.Build.0 = Debug|Any CPU
		{8D590011-A841-4C46-B610-E6DD1CBE606B}.Release|Any CPU.ActiveCfg = Release|Any CPU
		{8D590011-A841-4C46-B610-E6DD1CBE606B}.Release|Any CPU.Build.0 = Release|Any CPU
	EndGlobalSection
	GlobalSection(SolutionProperties) = preSolution
		HideSolutionNode = FALSE
	EndGlobalSection
	GlobalSection(ExtensibilityGlobals) = postSolution
		SolutionGuid = {7F10464E-77A9-4CCF-ACE7-CFE08B08DA21}
	EndGlobalSection
EndGlobal
